# THIS IS AN AUTOGENERATED FILE. DO NOT EDIT THIS FILE DIRECTLY.
# ALWAYS COMMIT THIS FILE TO GIT.
# Records the exact versions and metadata of all packages installed to ensure reproducible environments.

[conda]
_openmp_mutex=4.5=20_gnu @ e1c11c02
_python_abi3_support=1.0=hd8ed1ab_3 @ c7211bb6
aiobotocore=3.8.0=pyhcf101f3_0 @ c7211bb6
aiohappyeyeballs=2.7.1=pyhd8ed1ab_0 @ c7211bb6
aiohttp=3.14.3=py312h5d8c7f2_0 @ e1c11c02
aioitertools=0.13.0=pyhd8ed1ab_0 @ c7211bb6
aiosignal=1.4.0=pyhd8ed1ab_0 @ c7211bb6
asttokens=3.0.2=pyhd8ed1ab_0 @ c7211bb6
attrs=26.1.0=pyhcf101f3_0 @ c7211bb6
aws-c-auth=0.10.4=hb7a77c6_1 @ e1c11c02
aws-c-cal=0.9.14=h2aa3ae6_4 @ e1c11c02
aws-c-common=0.14.2=hb03c661_0 @ e1c11c02
aws-c-compression=0.3.2=h720e601_4 @ e1c11c02
aws-c-event-stream=0.7.1=h6ffeea8_4 @ e1c11c02
aws-c-http=0.11.0=h38ae05a_4 @ e1c11c02
aws-c-io=0.27.3=h6f4d18d_1 @ e1c11c02
aws-c-mqtt=0.16.0=h21f4ec5_2 @ e1c11c02
aws-c-s3=0.12.8=h46fcd08_1 @ e1c11c02
aws-c-sdkutils=0.2.7=h720e601_2 @ e1c11c02
aws-checksums=0.2.10=h720e601_4 @ e1c11c02
aws-crt-cpp=0.40.1=h102d43b_3 @ e1c11c02
aws-sdk-cpp=1.11.833=hc7390e0_9 @ e1c11c02
azure-core-cpp=1.16.3=h206d751_0 @ e1c11c02
azure-identity-cpp=1.13.3=h71f81a8_2 @ e1c11c02
azure-storage-blobs-cpp=12.18.0=h74b55db_1 @ e1c11c02
azure-storage-common-cpp=12.14.0=hf596fc9_1 @ e1c11c02
azure-storage-files-datalake-cpp=12.16.0=h1f05bef_1 @ e1c11c02
backports.zstd=1.6.0=py312h90b7ffd_0 @ e1c11c02
botocore=1.43.46=pyhd8ed1ab_0 @ c7211bb6
brotli-python=1.2.0=py312hdb49522_1 @ e1c11c02
bzip2=1.0.8=hda65f42_10 @ e1c11c02
c-ares=1.34.8=h280c20c_1 @ e1c11c02
ca-certificates=2026.7.22=hbd8a1cb_0 @ c7211bb6
certifi=2026.7.22=pyhd8ed1ab_0 @ c7211bb6
charset-normalizer=3.4.9=pyhd8ed1ab_0 @ c7211bb6
comm=0.2.3=pyhe01879c_0 @ c7211bb6
conjure-python-client=2.12.0=pyhd8ed1ab_1 @ c7211bb6
cpython=3.12.13=py312hd8ed1ab_0 @ c7211bb6
data-health-api=1.1621.0=py_0 @ fe451c34
debugpy=1.8.21=py312h8285ef7_0 @ e1c11c02
executing=2.2.1=pyhd8ed1ab_0 @ c7211bb6
foundry-container-sidecar-api=0.2499.0=py_0 @ fe451c34
foundry-data-sidecar-api=0.836.0=py_0 @ fe451c34
foundry-transforms-lib-python=0.955.0=py_0 @ fe451c34
frozenlist=1.8.0=py312h447239a_0 @ e1c11c02
fsspec=2026.6.0=pyhd8ed1ab_0 @ c7211bb6
gflags=2.3.1=h54a6638_0 @ e1c11c02
glog=0.7.1=hb7133d2_1 @ e1c11c02
h2=4.4.1=pyhcf101f3_0 @ c7211bb6
hpack=4.2.0=pyhd8ed1ab_0 @ c7211bb6
hyperframe=6.1.0=pyhd8ed1ab_0 @ c7211bb6
icu=78.3=h54a6638_2 @ e1c11c02
idna=3.18=pyhcf101f3_0 @ c7211bb6
ipykernel=7.3.0=pyha191276_0 @ c7211bb6
ipython=9.16.1=pyh53cf698_0 @ c7211bb6
ipython_pygments_lexers=1.1.1=pyhd8ed1ab_0 @ c7211bb6
jedi=0.20.0=pyhcf101f3_0 @ c7211bb6
jmespath=1.1.0=pyhcf101f3_1 @ c7211bb6
jupyter_client=8.9.1=pyhcf101f3_0 @ c7211bb6
jupyter_core=5.9.1=pyhc90fa1f_0 @ c7211bb6
keyutils=1.6.3=hb9d3cd8_0 @ e1c11c02
krb5=1.22.2=hbde042b_1 @ e1c11c02
ld_impl_linux-64=2.46.1=default_hbd61a6d_102 @ e1c11c02
libabseil=20260526.0=cxx17_h7b12aa8_1 @ e1c11c02
libarrow=24.0.0=hcdbc531_10_cpu @ e1c11c02
libarrow-acero=24.0.0=h635bf11_10_cpu @ e1c11c02
libarrow-compute=24.0.0=h53684a4_10_cpu @ e1c11c02
libarrow-dataset=24.0.0=h635bf11_10_cpu @ e1c11c02
libarrow-substrait=24.0.0=h66fbfdd_10_cpu @ e1c11c02
libblas=3.11.0=9_h4a7cf45_openblas @ e1c11c02
libbrotlicommon=1.2.0=hb03c661_1 @ e1c11c02
libbrotlidec=1.2.0=hb03c661_1 @ e1c11c02
libbrotlienc=1.2.0=hb03c661_1 @ e1c11c02
libcblas=3.11.0=9_h0358290_openblas @ e1c11c02
libcrc32c=1.1.2=h9c3ff4c_0 @ 16fe1c80
libcurl=8.21.0=heca4667_4 @ e1c11c02
libedit=3.1.20250104=pl5321h7949ede_0 @ e1c11c02
libev=4.33=h280c20c_3 @ e1c11c02
libevent=2.1.12=hf998b51_1 @ e1c11c02
libexpat=2.8.1=hecca717_1 @ e1c11c02
libffi=3.5.2=h3435931_0 @ e1c11c02
libgcc=16.1.0=ha9f2e26_1 @ e1c11c02
libgcc-ng=16.1.0=h69a702a_1 @ e1c11c02
libgfortran=16.1.0=h69a702a_1 @ e1c11c02
libgfortran5=16.1.0=h79bb938_1 @ e1c11c02
libgomp=16.1.0=he0feb66_1 @ e1c11c02
libgoogle-cloud=3.6.0=hbc29df5_1 @ e1c11c02
libgoogle-cloud-storage=3.6.0=hdbdcf42_1 @ e1c11c02
libgrpc=1.82.1=h792040b_0 @ e1c11c02
libiconv=1.18=h3b78370_2 @ e1c11c02
liblapack=3.11.0=9_h47877c9_openblas @ e1c11c02
liblzma=5.8.3=hb03c661_0 @ e1c11c02
libnghttp2=1.68.1=h877daf1_0 @ e1c11c02
libnsl=2.0.1=hb9d3cd8_1 @ e1c11c02
libopenblas=0.3.34=pthreads_h94d23a6_0 @ e1c11c02
libopentelemetry-cpp=1.27.0=h3133023_1 @ e1c11c02
libopentelemetry-cpp-headers=1.27.0=ha770c72_1 @ e1c11c02
libparquet=24.0.0=h7376487_10_cpu @ e1c11c02
libprotobuf=7.35.1=h2840a7c_2 @ e1c11c02
libpsl=0.23.0=hf670292_0 @ e1c11c02
libre2-11=2025.11.05=h60473fc_2 @ e1c11c02
libsodium=1.0.22=h280c20c_1 @ e1c11c02
libsqlite=3.53.4=hf4e2dac_0 @ e1c11c02
libssh2=1.11.1=hcf80075_0 @ e1c11c02
libstdcxx=16.1.0=h934c35e_1 @ e1c11c02
libstdcxx-ng=16.1.0=hdf11a46_1 @ e1c11c02
libthrift=0.22.0=h7d032f7_2 @ e1c11c02
libutf8proc=2.11.3=hfe17d71_0 @ e1c11c02
libuuid=2.42.2=h5347b49_0 @ e1c11c02
libxcrypt=4.4.38=h280c20c_0 @ e1c11c02
libxml2=2.15.3=h49c6c72_0 @ e1c11c02
libxml2-16=2.15.3=hca6bf5a_0 @ e1c11c02
libzlib=1.3.2=h25fd6f3_3 @ e1c11c02
lz4-c=1.10.0=h5888daf_1 @ e1c11c02
matplotlib-inline=0.2.2=pyhd8ed1ab_0 @ c7211bb6
multidict=6.7.1=py312h8a5da7c_0 @ e1c11c02
ncurses=6.6=hdb14827_0 @ e1c11c02
nest-asyncio2=1.7.2=pyhcf101f3_0 @ c7211bb6
nlohmann_json=3.12.0=h54a6638_2 @ e1c11c02
numpy=2.5.1=py312h33ff503_0 @ e1c11c02
openssl=3.6.3=h35e630c_1 @ e1c11c02
orc=2.3.0=h443056b_2 @ e1c11c02
packaging=26.3=pyhc364b38_0 @ c7211bb6
pandas=2.3.3=py312hf79963d_1 @ e1c11c02
parso=0.8.7=pyhcf101f3_0 @ c7211bb6
pexpect=4.9.0=pyhd8ed1ab_1 @ c7211bb6
pip=26.2.1=pyh8b19718_0 @ c7211bb6
platformdirs=4.11.0=pyhcf101f3_0 @ c7211bb6
polars=1.43.2=pyh8da0edf_0 @ c7211bb6
polars-runtime-32=1.43.2=py310h9585f58_0 @ e1c11c02
prometheus-cpp=1.3.0=ha5d0236_0 @ e1c11c02
prompt-toolkit=3.0.53=pyha770c72_0 @ c7211bb6
propcache=0.5.2=py312h8a5da7c_0 @ e1c11c02
psutil=7.2.2=py312h5253ce2_0 @ e1c11c02
ptyprocess=0.7.0=pyhd8ed1ab_1 @ c7211bb6
pure_eval=0.2.3=pyhd8ed1ab_1 @ c7211bb6
pyaml=26.2.1=pyhcf101f3_1 @ c7211bb6
pyarrow=24.0.0=py312h7900ff3_0 @ e1c11c02
pyarrow-core=24.0.0=py312h2054cf2_0_cpu @ e1c11c02
pygments=2.20.0=pyhd8ed1ab_0 @ c7211bb6
pysocks=1.7.1=pyha55dd90_7 @ c7211bb6
python=3.12.13=hd63d673_0_cpython @ e1c11c02
python-dateutil=2.9.0.post0=pyhe01879c_2 @ c7211bb6
python-gil=3.12.13=hd8ed1ab_0 @ c7211bb6
python-tzdata=2026.3=pyhd8ed1ab_0 @ c7211bb6
python_abi=3.12=8_cp312 @ c7211bb6
pytz=2026.3.post1=pyhcf101f3_0 @ c7211bb6
pyyaml=6.0.3=py312h8a5da7c_1 @ e1c11c02
pyzmq=27.1.0=py312hda471dd_3 @ e1c11c02
re2=2025.11.05=h94463f1_2 @ e1c11c02
readline=8.3=h853b02a_0 @ e1c11c02
requests=2.34.2=pyhcf101f3_0 @ c7211bb6
s2n=1.7.5=h7e3ee7f_1 @ e1c11c02
s3fs=2026.6.0=pyhd8ed1ab_0 @ c7211bb6
setuptools=79.0.1=pyhff2d567_0 @ c7211bb6
six=1.17.0=pyhe01879c_1 @ c7211bb6
snappy=1.2.2=h03e3b7b_1 @ e1c11c02
stack_data=0.6.3=pyhd8ed1ab_1 @ c7211bb6
tables-api=0.1066.0=py_0 @ fe451c34
tk=8.6.13=noxft_hd70dff1_3 @ e1c11c02
tornado=6.5.7=py312h4c3975b_0 @ e1c11c02
traitlets=5.16.1=pyhcf101f3_0 @ c7211bb6
transforms-container-ops-python=0.335.0=py312 @ 16fe1c80
typing_extensions=4.16.0=pyhcf101f3_0 @ c7211bb6
tzdata=2026c=h151e31d_0 @ c7211bb6
urllib3=2.7.0=pyhd8ed1ab_0 @ c7211bb6
wcwidth=0.8.2=pyhd8ed1ab_0 @ c7211bb6
wheel=0.47.0=pyhd8ed1ab_0 @ c7211bb6
wrapt=2.3.0=py312h4c3975b_0 @ e1c11c02
yaml=0.2.5=h280c20c_3 @ e1c11c02
yarl=1.24.5=py312h8a5da7c_0 @ e1c11c02
zeromq=4.3.5=h09e67af_11 @ e1c11c02
zlib=1.3.2=h25fd6f3_3 @ e1c11c02
zstd=1.5.7=hb78ec9c_6 @ e1c11c02

[pip]

[conda-metadata]
16fe1c80 - linux-64 @ tar.bz2 @ ri.artifacts.repository.bundle.jupyter-default-environment
c7211bb6 - noarch @ conda @ ri.artifacts.repository.bundle.jupyter-default-environment
e1c11c02 - linux-64 @ conda @ ri.artifacts.repository.bundle.jupyter-default-environment
fe451c34 - noarch @ tar.bz2 @ ri.artifacts.repository.bundle.jupyter-default-environment

[pip-indices]
ri.artifacts.repository.artifactory.external-python-pypi
ri.artifacts.repository.python-library.foundry-transforms-lib
ri.artifacts.repository.python-library.models
ri.foundry-sdk-asset-bundle.main.artifacts.repository
ri.stemma.main.repository.e2baeecc-9195-4242-af64-b34a23c44bda
ri.transforms-addons-bundle..artifacts.bundle
ri.transforms-tables-asset.main.artifacts.repository

[cran-repos]
ri.stemma.main.repository.e2baeecc-9195-4242-af64-b34a23c44bda

[conda lock version]
v3 - 25d254c674394024d84dc8f963673785d50e2d121ba9fb1ce2ff18add51202cf
